
Microsoft Visual Studio Solution File, Format Version 12.00
# Visual Studio Version 17
VisualStudioVersion = 17.0.32014.148
MinimumVisualStudioVersion = 10.0.40219.1
Project("{9A19103F-16F7-4668-BE54-9A1E7A4F7556}") = "CC.Blazor.Dx", "CC.Blazor.Dx\CC.Blazor.Dx.csproj", "{F60B0F4C-FDB7-4EC2-B70E-202469D0575D}"
EndProject
Project("{9A19103F-16F7-4668-BE54-9A1E7A4F7556}") = "CC.Blazor.Demo", "CC.Blazor.Demo\CC.Blazor.Demo.csproj", "{49C96667-43BD-4B22-A034-90A8310C9076}"
EndProject
Global
	GlobalSection(SolutionConfigurationPlatforms) = preSolution
		Debug|Any CPU = Debug|Any CPU
		Release|Any CPU = Release|Any CPU
	EndGlobalSection
	GlobalSection(ProjectConfigurationPlatforms) = postSolution
		{F60B0F4C-FDB7-4EC2-B70E-202469D0575D}.Debug|Any CPU.ActiveCfg = Debug|Any CPU
		{F60B0F4C-FDB7-4EC2-B70E-202469D0575D}.Debug|Any CPU.Build.0 = Debug|Any CPU
		{F60B0F4C-FDB7-4EC2-B70E-202469D0575D}.Release|Any CPU.ActiveCfg = Release|Any CPU
		{F60B0F4C-FDB7-4EC2-B70E-202469D0575D}.Release|Any CPU.Build.0 = Release|Any CPU
		{49C96667-43BD-4B22-A034-90A8310C9076}.Debug|Any CPU.ActiveCfg = Debug|Any CPU
		{49C96667-43BD-4B22-A034-90A8310C9076}.Debug|Any CPU.Build.0 = Debug|Any CPU
		{49C96667-43BD-4B22-A034-90A8310C9076}.Release|Any CPU.ActiveCfg = Release|Any CPU
		{49C96667-43BD-4B22-A034-90A8310C9076}.Release|Any CPU.Build.0 = Release|Any CPU
	EndGlobalSection
	GlobalSection(SolutionProperties) = preSolution
		HideSolutionNode = FALSE
	EndGlobalSection
	GlobalSection(ExtensibilityGlobals) = postSolution
		SolutionGuid = {67974AF9-6002-4E39-A429-365DDBFCBE12}
	EndGlobalSection
EndGlobal
